// !$*UTF8*$!
{
	archiveVersion = 1;
	classes = {
	};
	objectVersion = 46;
	objects = {

/* Begin PBXBuildFile section */
		73E45E7C1EA26C1A00DEF7F8 /* JSONObject.swift in Sources */ = {isa = PBXBuildFile; fileRef = 73E45E7B1EA26C1A00DEF7F8 /* JSONObject.swift */; };
		73EB72F31EA3FE55006D75A0 /* TableState.swift in Sources */ = {isa = PBXBuildFile; fileRef = 73EB72F21EA3FE55006D75A0 /* TableState.swift */; };
		73EB72F51EA84DEE006D75A0 /* ResponsibleTableViewController.swift in Sources */ = {isa = PBXBuildFile; fileRef = 73EB72F41EA84DEE006D75A0 /* ResponsibleTableViewController.swift */; };
		C12261581EA7F942005A2482 /* NetworkDataSource.swift in Sources */ = {isa = PBXBuildFile; fileRef = C12261571EA7F942005A2482 /* NetworkDataSource.swift */; };
		C15BF9B01EA00AF800CE09B6 /* AppDelegate.swift in Sources */ = {isa = PBXBuildFile; fileRef = C15BF9AF1EA00AF800CE09B6 /* AppDelegate.swift */; };
		C15BF9B51EA00AF800CE09B6 /* Main.storyboard in Resources */ = {isa = PBXBuildFile; fileRef = C15BF9B31EA00AF800CE09B6 /* Main.storyboard */; };
		C15BF9B71EA00AF800CE09B6 /* Assets.xcassets in Resources */ = {isa = PBXBuildFile; fileRef = C15BF9B61EA00AF800CE09B6 /* Assets.xcassets */; };
		C15BF9BA1EA00AF800CE09B6 /* LaunchScreen.storyboard in Resources */ = {isa = PBXBuildFile; fileRef = C15BF9B81EA00AF800CE09B6 /* LaunchScreen.storyboard */; };
		C15BF9C51EA00AF800CE09B6 /* SampleTests.swift in Sources */ = {isa = PBXBuildFile; fileRef = C15BF9C41EA00AF800CE09B6 /* SampleTests.swift */; };
		C15BF9D01EA00B3400CE09B6 /* Cartfile in Resources */ = {isa = PBXBuildFile; fileRef = C15BF9CF1EA00B3400CE09B6 /* Cartfile */; };
		C15BF9D31EA00C7800CE09B6 /* EmbeddedTabViewController.swift in Sources */ = {isa = PBXBuildFile; fileRef = C15BF9D21EA00C7800CE09B6 /* EmbeddedTabViewController.swift */; };
		C15BFA101EA0177000CE09B6 /* BagOfTricks.framework in Frameworks */ = {isa = PBXBuildFile; fileRef = C15BFA0F1EA0177000CE09B6 /* BagOfTricks.framework */; };
		C15BFA131EA025BA00CE09B6 /* SegmentedTabViewController.swift in Sources */ = {isa = PBXBuildFile; fileRef = C15BFA121EA025BA00CE09B6 /* SegmentedTabViewController.swift */; };
		C15BFA1D1EA11A5800CE09B6 /* ResponsibleCellProtocol.swift in Sources */ = {isa = PBXBuildFile; fileRef = C15BFA1C1EA11A5800CE09B6 /* ResponsibleCellProtocol.swift */; };
		C15BFA231EA11AEA00CE09B6 /* MyCell.swift in Sources */ = {isa = PBXBuildFile; fileRef = C15BFA221EA11AEA00CE09B6 /* MyCell.swift */; };
		C1C1380F1EA699810083B1AB /* ArrayValueSource.swift in Sources */ = {isa = PBXBuildFile; fileRef = C1C1380E1EA699810083B1AB /* ArrayValueSource.swift */; };
		C1C138111EA6B0790083B1AB /* SectionIndex.swift in Sources */ = {isa = PBXBuildFile; fileRef = C1C138101EA6B0790083B1AB /* SectionIndex.swift */; };
		C1C138131EA6B0A30083B1AB /* ValueSourceProtocol.swift in Sources */ = {isa = PBXBuildFile; fileRef = C1C138121EA6B0A30083B1AB /* ValueSourceProtocol.swift */; };
		C1D4DEDB1EA5166300D3490B /* ResponsibleDataSource.swift in Sources */ = {isa = PBXBuildFile; fileRef = C1D4DEDA1EA5166300D3490B /* ResponsibleDataSource.swift */; };
		C1EC28CA1EA11FF100415A76 /* MyTableViewController.swift in Sources */ = {isa = PBXBuildFile; fileRef = C1EC28C91EA11FF100415A76 /* MyTableViewController.swift */; };
		C1EC28CC1EA1217400415A76 /* StatefulTableViewController.swift in Sources */ = {isa = PBXBuildFile; fileRef = C1EC28CB1EA1217400415A76 /* StatefulTableViewController.swift */; };
		C1EC28CF1EA126AF00415A76 /* EmptyTableView.xib in Resources */ = {isa = PBXBuildFile; fileRef = C1EC28CE1EA126AF00415A76 /* EmptyTableView.xib */; };
		C1EC28D11EA1272E00415A76 /* LoadingTableView.xib in Resources */ = {isa = PBXBuildFile; fileRef = C1EC28D01EA1272E00415A76 /* LoadingTableView.xib */; };
		C1EC28D31EA1277200415A76 /* ErrorTableView.xib in Resources */ = {isa = PBXBuildFile; fileRef = C1EC28D21EA1277200415A76 /* ErrorTableView.xib */; };
		C1EC28D61EA146C500415A76 /* Libraries.swift in Sources */ = {isa = PBXBuildFile; fileRef = C1EC28D51EA146C500415A76 /* Libraries.swift */; };
		C1EC28D81EA146DD00415A76 /* API.swift in Sources */ = {isa = PBXBuildFile; fileRef = C1EC28D71EA146DD00415A76 /* API.swift */; };
		C1EC28DA1EA1478400415A76 /* SessionArtist.framework in Frameworks */ = {isa = PBXBuildFile; fileRef = C1EC28D91EA1478400415A76 /* SessionArtist.framework */; };
		C1EC28DC1EA1487100415A76 /* Medea.framework in Frameworks */ = {isa = PBXBuildFile; fileRef = C1EC28DB1EA1487100415A76 /* Medea.framework */; };
		C1EC28E01EA1715400415A76 /* Gauntlet.framework in Frameworks */ = {isa = PBXBuildFile; fileRef = C1EC28DF1EA1715400415A76 /* Gauntlet.framework */; };
/* End PBXBuildFile section */

/* Begin PBXContainerItemProxy section */
		C15BF9C11EA00AF800CE09B6 /* PBXContainerItemProxy */ = {
			isa = PBXContainerItemProxy;
			containerPortal = C15BF9A41EA00AF800CE09B6 /* Project object */;
			proxyType = 1;
			remoteGlobalIDString = C15BF9AB1EA00AF800CE09B6;
			remoteInfo = Sample;
		};
/* End PBXContainerItemProxy section */

/* Begin PBXFileReference section */
		73E45E7B1EA26C1A00DEF7F8 /* JSONObject.swift */ = {isa = PBXFileReference; fileEncoding = 4; lastKnownFileType = sourcecode.swift; path = JSONObject.swift; sourceTree = "<group>"; };
		73EB72F21EA3FE55006D75A0 /* TableState.swift */ = {isa = PBXFileReference; fileEncoding = 4; lastKnownFileType = sourcecode.swift; path = TableState.swift; sourceTree = "<group>"; };
		73EB72F41EA84DEE006D75A0 /* ResponsibleTableViewController.swift */ = {isa = PBXFileReference; fileEncoding = 4; lastKnownFileType = sourcecode.swift; path = ResponsibleTableViewController.swift; sourceTree = "<group>"; };
		C12261571EA7F942005A2482 /* NetworkDataSource.swift */ = {isa = PBXFileReference; fileEncoding = 4; lastKnownFileType = sourcecode.swift; path = NetworkDataSource.swift; sourceTree = "<group>"; };
		C15BF9AC1EA00AF800CE09B6 /* Sample.app */ = {isa = PBXFileReference; explicitFileType = wrapper.application; includeInIndex = 0; path = Sample.app; sourceTree = BUILT_PRODUCTS_DIR; };
		C15BF9AF1EA00AF800CE09B6 /* AppDelegate.swift */ = {isa = PBXFileReference; lastKnownFileType = sourcecode.swift; path = AppDelegate.swift; sourceTree = "<group>"; };
		C15BF9B41EA00AF800CE09B6 /* Base */ = {isa = PBXFileReference; lastKnownFileType = file.storyboard; name = Base; path = Base.lproj/Main.storyboard; sourceTree = "<group>"; };
		C15BF9B61EA00AF800CE09B6 /* Assets.xcassets */ = {isa = PBXFileReference; lastKnownFileType = folder.assetcatalog; path = Assets.xcassets; sourceTree = "<group>"; };
		C15BF9B91EA00AF800CE09B6 /* Base */ = {isa = PBXFileReference; lastKnownFileType = file.storyboard; name = Base; path = Base.lproj/LaunchScreen.storyboard; sourceTree = "<group>"; };
		C15BF9BB1EA00AF800CE09B6 /* Info.plist */ = {isa = PBXFileReference; lastKnownFileType = text.plist.xml; path = Info.plist; sourceTree = "<group>"; };
		C15BF9C01EA00AF800CE09B6 /* SampleTests.xctest */ = {isa = PBXFileReference; explicitFileType = wrapper.cfbundle; includeInIndex = 0; path = SampleTests.xctest; sourceTree = BUILT_PRODUCTS_DIR; };
		C15BF9C41EA00AF800CE09B6 /* SampleTests.swift */ = {isa = PBXFileReference; lastKnownFileType = sourcecode.swift; path = SampleTests.swift; sourceTree = "<group>"; };
		C15BF9C61EA00AF800CE09B6 /* Info.plist */ = {isa = PBXFileReference; lastKnownFileType = text.plist.xml; path = Info.plist; sourceTree = "<group>"; };
		C15BF9CF1EA00B3400CE09B6 /* Cartfile */ = {isa = PBXFileReference; fileEncoding = 4; lastKnownFileType = text; path = Cartfile; sourceTree = "<group>"; };
		C15BF9D21EA00C7800CE09B6 /* EmbeddedTabViewController.swift */ = {isa = PBXFileReference; fileEncoding = 4; lastKnownFileType = sourcecode.swift; path = EmbeddedTabViewController.swift; sourceTree = "<group>"; };
		C15BFA0F1EA0177000CE09B6 /* BagOfTricks.framework */ = {isa = PBXFileReference; lastKnownFileType = wrapper.framework; name = BagOfTricks.framework; path = Carthage/Build/iOS/BagOfTricks.framework; sourceTree = "<group>"; };
		C15BFA121EA025BA00CE09B6 /* SegmentedTabViewController.swift */ = {isa = PBXFileReference; fileEncoding = 4; lastKnownFileType = sourcecode.swift; path = SegmentedTabViewController.swift; sourceTree = "<group>"; };
		C15BFA1C1EA11A5800CE09B6 /* ResponsibleCellProtocol.swift */ = {isa = PBXFileReference; fileEncoding = 4; lastKnownFileType = sourcecode.swift; path = ResponsibleCellProtocol.swift; sourceTree = "<group>"; };
		C15BFA221EA11AEA00CE09B6 /* MyCell.swift */ = {isa = PBXFileReference; fileEncoding = 4; lastKnownFileType = sourcecode.swift; path = MyCell.swift; sourceTree = "<group>"; };
		C1C1380E1EA699810083B1AB /* ArrayValueSource.swift */ = {isa = PBXFileReference; fileEncoding = 4; lastKnownFileType = sourcecode.swift; path = ArrayValueSource.swift; sourceTree = "<group>"; };
		C1C138101EA6B0790083B1AB /* SectionIndex.swift */ = {isa = PBXFileReference; fileEncoding = 4; lastKnownFileType = sourcecode.swift; path = SectionIndex.swift; sourceTree = "<group>"; };
		C1C138121EA6B0A30083B1AB /* ValueSourceProtocol.swift */ = {isa = PBXFileReference; fileEncoding = 4; lastKnownFileType = sourcecode.swift; path = ValueSourceProtocol.swift; sourceTree = "<group>"; };
		C1D4DEDA1EA5166300D3490B /* ResponsibleDataSource.swift */ = {isa = PBXFileReference; fileEncoding = 4; lastKnownFileType = sourcecode.swift; path = ResponsibleDataSource.swift; sourceTree = "<group>"; };
		C1EC28C91EA11FF100415A76 /* MyTableViewController.swift */ = {isa = PBXFileReference; fileEncoding = 4; lastKnownFileType = sourcecode.swift; path = MyTableViewController.swift; sourceTree = "<group>"; };
		C1EC28CB1EA1217400415A76 /* StatefulTableViewController.swift */ = {isa = PBXFileReference; fileEncoding = 4; lastKnownFileType = sourcecode.swift; path = StatefulTableViewController.swift; sourceTree = "<group>"; };
		C1EC28CE1EA126AF00415A76 /* EmptyTableView.xib */ = {isa = PBXFileReference; fileEncoding = 4; lastKnownFileType = file.xib; path = EmptyTableView.xib; sourceTree = "<group>"; };
		C1EC28D01EA1272E00415A76 /* LoadingTableView.xib */ = {isa = PBXFileReference; fileEncoding = 4; lastKnownFileType = file.xib; path = LoadingTableView.xib; sourceTree = "<group>"; };
		C1EC28D21EA1277200415A76 /* ErrorTableView.xib */ = {isa = PBXFileReference; fileEncoding = 4; lastKnownFileType = file.xib; path = ErrorTableView.xib; sourceTree = "<group>"; };
		C1EC28D51EA146C500415A76 /* Libraries.swift */ = {isa = PBXFileReference; fileEncoding = 4; lastKnownFileType = sourcecode.swift; path = Libraries.swift; sourceTree = "<group>"; };
		C1EC28D71EA146DD00415A76 /* API.swift */ = {isa = PBXFileReference; fileEncoding = 4; lastKnownFileType = sourcecode.swift; path = API.swift; sourceTree = "<group>"; };
		C1EC28D91EA1478400415A76 /* SessionArtist.framework */ = {isa = PBXFileReference; lastKnownFileType = wrapper.framework; name = SessionArtist.framework; path = Carthage/Build/iOS/SessionArtist.framework; sourceTree = "<group>"; };
		C1EC28DB1EA1487100415A76 /* Medea.framework */ = {isa = PBXFileReference; lastKnownFileType = wrapper.framework; name = Medea.framework; path = Carthage/Build/iOS/Medea.framework; sourceTree = "<group>"; };
		C1EC28DF1EA1715400415A76 /* Gauntlet.framework */ = {isa = PBXFileReference; lastKnownFileType = wrapper.framework; name = Gauntlet.framework; path = Carthage/Build/iOS/Gauntlet.framework; sourceTree = "<group>"; };
/* End PBXFileReference section */

/* Begin PBXFrameworksBuildPhase section */
		C15BF9A91EA00AF800CE09B6 /* Frameworks */ = {
			isa = PBXFrameworksBuildPhase;
			buildActionMask = 2147483647;
			files = (
				C1EC28E01EA1715400415A76 /* Gauntlet.framework in Frameworks */,
				C15BFA101EA0177000CE09B6 /* BagOfTricks.framework in Frameworks */,
				C1EC28DC1EA1487100415A76 /* Medea.framework in Frameworks */,
				C1EC28DA1EA1478400415A76 /* SessionArtist.framework in Frameworks */,
			);
			runOnlyForDeploymentPostprocessing = 0;
		};
		C15BF9BD1EA00AF800CE09B6 /* Frameworks */ = {
			isa = PBXFrameworksBuildPhase;
			buildActionMask = 2147483647;
			files = (
			);
			runOnlyForDeploymentPostprocessing = 0;
		};
/* End PBXFrameworksBuildPhase section */

/* Begin PBXGroup section */
		73EB72F11EA3FE35006D75A0 /* States */ = {
			isa = PBXGroup;
			children = (
				73EB72F21EA3FE55006D75A0 /* TableState.swift */,
			);
			path = States;
			sourceTree = "<group>";
		};
		C15BF9A31EA00AF800CE09B6 = {
			isa = PBXGroup;
			children = (
				C15BF9CF1EA00B3400CE09B6 /* Cartfile */,
				C15BF9AE1EA00AF800CE09B6 /* Sample */,
				C15BF9C31EA00AF800CE09B6 /* SampleTests */,
				C15BF9AD1EA00AF800CE09B6 /* Products */,
				C15BFA0E1EA0177000CE09B6 /* Frameworks */,
			);
			sourceTree = "<group>";
		};
		C15BF9AD1EA00AF800CE09B6 /* Products */ = {
			isa = PBXGroup;
			children = (
				C15BF9AC1EA00AF800CE09B6 /* Sample.app */,
				C15BF9C01EA00AF800CE09B6 /* SampleTests.xctest */,
			);
			name = Products;
			sourceTree = "<group>";
		};
		C15BF9AE1EA00AF800CE09B6 /* Sample */ = {
			isa = PBXGroup;
			children = (
				73EB72F11EA3FE35006D75A0 /* States */,
				C1EC28D41EA1468700415A76 /* API */,
				C1EC28CD1EA1268D00415A76 /* Views */,
				C15BFA211EA11AAF00CE09B6 /* Cells */,
				C15BFA1E1EA11A7A00CE09B6 /* Types */,
				C15BFA181EA10EDF00CE09B6 /* DataSource */,
				C15BF9D11EA00C5C00CE09B6 /* ViewControllers */,
				C15BF9AF1EA00AF800CE09B6 /* AppDelegate.swift */,
				C15BF9B31EA00AF800CE09B6 /* Main.storyboard */,
				C15BF9B61EA00AF800CE09B6 /* Assets.xcassets */,
				C15BF9B81EA00AF800CE09B6 /* LaunchScreen.storyboard */,
				C15BF9BB1EA00AF800CE09B6 /* Info.plist */,
			);
			path = Sample;
			sourceTree = "<group>";
		};
		C15BF9C31EA00AF800CE09B6 /* SampleTests */ = {
			isa = PBXGroup;
			children = (
				C15BF9C41EA00AF800CE09B6 /* SampleTests.swift */,
				C15BF9C61EA00AF800CE09B6 /* Info.plist */,
			);
			path = SampleTests;
			sourceTree = "<group>";
		};
		C15BF9D11EA00C5C00CE09B6 /* ViewControllers */ = {
			isa = PBXGroup;
			children = (
				C15BF9D21EA00C7800CE09B6 /* EmbeddedTabViewController.swift */,
				C15BFA121EA025BA00CE09B6 /* SegmentedTabViewController.swift */,
				C1EC28CB1EA1217400415A76 /* StatefulTableViewController.swift */,
				73EB72F41EA84DEE006D75A0 /* ResponsibleTableViewController.swift */,
				C1EC28C91EA11FF100415A76 /* MyTableViewController.swift */,
			);
			path = ViewControllers;
			sourceTree = "<group>";
		};
		C15BFA0E1EA0177000CE09B6 /* Frameworks */ = {
			isa = PBXGroup;
			children = (
				C1EC28DF1EA1715400415A76 /* Gauntlet.framework */,
				C1EC28DB1EA1487100415A76 /* Medea.framework */,
				C1EC28D91EA1478400415A76 /* SessionArtist.framework */,
				C15BFA0F1EA0177000CE09B6 /* BagOfTricks.framework */,
			);
			name = Frameworks;
			sourceTree = "<group>";
		};
		C15BFA181EA10EDF00CE09B6 /* DataSource */ = {
			isa = PBXGroup;
			children = (
				C1C138121EA6B0A30083B1AB /* ValueSourceProtocol.swift */,
				C1C1380E1EA699810083B1AB /* ArrayValueSource.swift */,
				C1D4DEDA1EA5166300D3490B /* ResponsibleDataSource.swift */,
				C12261571EA7F942005A2482 /* NetworkDataSource.swift */,
			);
			path = DataSource;
			sourceTree = "<group>";
		};
		C15BFA1E1EA11A7A00CE09B6 /* Types */ = {
			isa = PBXGroup;
			children = (
				73E45E7B1EA26C1A00DEF7F8 /* JSONObject.swift */,
				C1C138101EA6B0790083B1AB /* SectionIndex.swift */,
			);
			path = Types;
			sourceTree = "<group>";
		};
		C15BFA211EA11AAF00CE09B6 /* Cells */ = {
			isa = PBXGroup;
			children = (
				C15BFA1C1EA11A5800CE09B6 /* ResponsibleCellProtocol.swift */,
				C15BFA221EA11AEA00CE09B6 /* MyCell.swift */,
			);
			path = Cells;
			sourceTree = "<group>";
		};
		C1EC28CD1EA1268D00415A76 /* Views */ = {
			isa = PBXGroup;
			children = (
				C1EC28CE1EA126AF00415A76 /* EmptyTableView.xib */,
				C1EC28D01EA1272E00415A76 /* LoadingTableView.xib */,
				C1EC28D21EA1277200415A76 /* ErrorTableView.xib */,
			);
			path = Views;
			sourceTree = "<group>";
		};
		C1EC28D41EA1468700415A76 /* API */ = {
			isa = PBXGroup;
			children = (
				C1EC28D71EA146DD00415A76 /* API.swift */,
				C1EC28D51EA146C500415A76 /* Libraries.swift */,
			);
			path = API;
			sourceTree = "<group>";
		};
/* End PBXGroup section */

/* Begin PBXNativeTarget section */
		C15BF9AB1EA00AF800CE09B6 /* Sample */ = {
			isa = PBXNativeTarget;
			buildConfigurationList = C15BF9C91EA00AF800CE09B6 /* Build configuration list for PBXNativeTarget "Sample" */;
			buildPhases = (
				C15BF9A81EA00AF800CE09B6 /* Sources */,
				C15BF9A91EA00AF800CE09B6 /* Frameworks */,
				C15BF9AA1EA00AF800CE09B6 /* Resources */,
				C15BFA111EA0177900CE09B6 /* Carthage Script */,
			);
			buildRules = (
			);
			dependencies = (
			);
			name = Sample;
			productName = Sample;
			productReference = C15BF9AC1EA00AF800CE09B6 /* Sample.app */;
			productType = "com.apple.product-type.application";
		};
		C15BF9BF1EA00AF800CE09B6 /* SampleTests */ = {
			isa = PBXNativeTarget;
			buildConfigurationList = C15BF9CC1EA00AF800CE09B6 /* Build configuration list for PBXNativeTarget "SampleTests" */;
			buildPhases = (
				C15BF9BC1EA00AF800CE09B6 /* Sources */,
				C15BF9BD1EA00AF800CE09B6 /* Frameworks */,
				C15BF9BE1EA00AF800CE09B6 /* Resources */,
			);
			buildRules = (
			);
			dependencies = (
				C15BF9C21EA00AF800CE09B6 /* PBXTargetDependency */,
			);
			name = SampleTests;
			productName = SampleTests;
			productReference = C15BF9C01EA00AF800CE09B6 /* SampleTests.xctest */;
			productType = "com.apple.product-type.bundle.unit-test";
		};
/* End PBXNativeTarget section */

/* Begin PBXProject section */
		C15BF9A41EA00AF800CE09B6 /* Project object */ = {
			isa = PBXProject;
			attributes = {
				LastSwiftUpdateCheck = 0820;
				LastUpgradeCheck = 0820;
				ORGANIZATIONNAME = MCMXCIX;
				TargetAttributes = {
					C15BF9AB1EA00AF800CE09B6 = {
						CreatedOnToolsVersion = 8.2.1;
						ProvisioningStyle = Automatic;
					};
					C15BF9BF1EA00AF800CE09B6 = {
						CreatedOnToolsVersion = 8.2.1;
						ProvisioningStyle = Automatic;
						TestTargetID = C15BF9AB1EA00AF800CE09B6;
					};
				};
			};
			buildConfigurationList = C15BF9A71EA00AF800CE09B6 /* Build configuration list for PBXProject "Sample" */;
			compatibilityVersion = "Xcode 3.2";
			developmentRegion = English;
			hasScannedForEncodings = 0;
			knownRegions = (
				en,
				Base,
			);
			mainGroup = C15BF9A31EA00AF800CE09B6;
			productRefGroup = C15BF9AD1EA00AF800CE09B6 /* Products */;
			projectDirPath = "";
			projectRoot = "";
			targets = (
				C15BF9AB1EA00AF800CE09B6 /* Sample */,
				C15BF9BF1EA00AF800CE09B6 /* SampleTests */,
			);
		};
/* End PBXProject section */

/* Begin PBXResourcesBuildPhase section */
		C15BF9AA1EA00AF800CE09B6 /* Resources */ = {
			isa = PBXResourcesBuildPhase;
			buildActionMask = 2147483647;
			files = (
				C1EC28D11EA1272E00415A76 /* LoadingTableView.xib in Resources */,
				C1EC28D31EA1277200415A76 /* ErrorTableView.xib in Resources */,
				C15BF9BA1EA00AF800CE09B6 /* LaunchScreen.storyboard in Resources */,
				C15BF9B71EA00AF800CE09B6 /* Assets.xcassets in Resources */,
				C15BF9D01EA00B3400CE09B6 /* Cartfile in Resources */,
				C15BF9B51EA00AF800CE09B6 /* Main.storyboard in Resources */,
				C1EC28CF1EA126AF00415A76 /* EmptyTableView.xib in Resources */,
			);
			runOnlyForDeploymentPostprocessing = 0;
		};
		C15BF9BE1EA00AF800CE09B6 /* Resources */ = {
			isa = PBXResourcesBuildPhase;
			buildActionMask = 2147483647;
			files = (
			);
			runOnlyForDeploymentPostprocessing = 0;
		};
/* End PBXResourcesBuildPhase section */

/* Begin PBXShellScriptBuildPhase section */
		C15BFA111EA0177900CE09B6 /* Carthage Script */ = {
			isa = PBXShellScriptBuildPhase;
			buildActionMask = 2147483647;
			files = (
			);
			inputPaths = (
				"$(SRCROOT)/Carthage/Build/iOS/BagOfTricks.framework",
				"$(SRCROOT)/Carthage/Build/iOS/SessionArtist.framework",
				"$(SRCROOT)/Carthage/Build/iOS/Medea.framework",
				"$(SRCROOT)/Carthage/Build/iOS/Gauntlet.framework",
			);
			name = "Carthage Script";
			outputPaths = (
			);
			runOnlyForDeploymentPostprocessing = 0;
			shellPath = /bin/sh;
			shellScript = "/usr/local/bin/carthage copy-frameworks";
		};
/* End PBXShellScriptBuildPhase section */

/* Begin PBXSourcesBuildPhase section */
		C15BF9A81EA00AF800CE09B6 /* Sources */ = {
			isa = PBXSourcesBuildPhase;
			buildActionMask = 2147483647;
			files = (
				73E45E7C1EA26C1A00DEF7F8 /* JSONObject.swift in Sources */,
				C1C1380F1EA699810083B1AB /* ArrayValueSource.swift in Sources */,
				C1C138111EA6B0790083B1AB /* SectionIndex.swift in Sources */,
				C15BFA1D1EA11A5800CE09B6 /* ResponsibleCellProtocol.swift in Sources */,
				C1EC28CA1EA11FF100415A76 /* MyTableViewController.swift in Sources */,
				C15BF9B01EA00AF800CE09B6 /* AppDelegate.swift in Sources */,
				C1D4DEDB1EA5166300D3490B /* ResponsibleDataSource.swift in Sources */,
				C12261581EA7F942005A2482 /* NetworkDataSource.swift in Sources */,
				73EB72F51EA84DEE006D75A0 /* ResponsibleTableViewController.swift in Sources */,
				73EB72F31EA3FE55006D75A0 /* TableState.swift in Sources */,
				C1EC28D61EA146C500415A76 /* Libraries.swift in Sources */,
				C15BFA231EA11AEA00CE09B6 /* MyCell.swift in Sources */,
				C15BFA131EA025BA00CE09B6 /* SegmentedTabViewController.swift in Sources */,
				C1C138131EA6B0A30083B1AB /* ValueSourceProtocol.swift in Sources */,
				C15BF9D31EA00C7800CE09B6 /* EmbeddedTabViewController.swift in Sources */,
				C1EC28D81EA146DD00415A76 /* API.swift in Sources */,
				C1EC28CC1EA1217400415A76 /* StatefulTableViewController.swift in Sources */,
			);
			runOnlyForDeploymentPostprocessing = 0;
		};
		C15BF9BC1EA00AF800CE09B6 /* Sources */ = {
			isa = PBXSourcesBuildPhase;
			buildActionMask = 2147483647;
			files = (
				C15BF9C51EA00AF800CE09B6 /* SampleTests.swift in Sources */,
			);
			runOnlyForDeploymentPostprocessing = 0;
		};
/* End PBXSourcesBuildPhase section */

/* Begin PBXTargetDependency section */
		C15BF9C21EA00AF800CE09B6 /* PBXTargetDependency */ = {
			isa = PBXTargetDependency;
			target = C15BF9AB1EA00AF800CE09B6 /* Sample */;
			targetProxy = C15BF9C11EA00AF800CE09B6 /* PBXContainerItemProxy */;
		};
/* End PBXTargetDependency section */

/* Begin PBXVariantGroup section */
		C15BF9B31EA00AF800CE09B6 /* Main.storyboard */ = {
			isa = PBXVariantGroup;
			children = (
				C15BF9B41EA00AF800CE09B6 /* Base */,
			);
			name = Main.storyboard;
			sourceTree = "<group>";
		};
		C15BF9B81EA00AF800CE09B6 /* LaunchScreen.storyboard */ = {
			isa = PBXVariantGroup;
			children = (
				C15BF9B91EA00AF800CE09B6 /* Base */,
			);
			name = LaunchScreen.storyboard;
			sourceTree = "<group>";
		};
/* End PBXVariantGroup section */

/* Begin XCBuildConfiguration section */
		C15BF9C71EA00AF800CE09B6 /* Debug */ = {
			isa = XCBuildConfiguration;
			buildSettings = {
				ALWAYS_SEARCH_USER_PATHS = NO;
				CLANG_ANALYZER_NONNULL = YES;
				CLANG_CXX_LANGUAGE_STANDARD = "gnu++0x";
				CLANG_CXX_LIBRARY = "libc++";
				CLANG_ENABLE_MODULES = YES;
				CLANG_ENABLE_OBJC_ARC = YES;
				CLANG_WARN_BOOL_CONVERSION = YES;
				CLANG_WARN_CONSTANT_CONVERSION = YES;
				CLANG_WARN_DIRECT_OBJC_ISA_USAGE = YES_ERROR;
				CLANG_WARN_DOCUMENTATION_COMMENTS = YES;
				CLANG_WARN_EMPTY_BODY = YES;
				CLANG_WARN_ENUM_CONVERSION = YES;
				CLANG_WARN_INFINITE_RECURSION = YES;
				CLANG_WARN_INT_CONVERSION = YES;
				CLANG_WARN_OBJC_ROOT_CLASS = YES_ERROR;
				CLANG_WARN_SUSPICIOUS_MOVE = YES;
				CLANG_WARN_UNREACHABLE_CODE = YES;
				CLANG_WARN__DUPLICATE_METHOD_MATCH = YES;
				"CODE_SIGN_IDENTITY[sdk=iphoneos*]" = "iPhone Developer";
				COPY_PHASE_STRIP = NO;
				DEBUG_INFORMATION_FORMAT = dwarf;
				ENABLE_STRICT_OBJC_MSGSEND = YES;
				ENABLE_TESTABILITY = YES;
				GCC_C_LANGUAGE_STANDARD = gnu99;
				GCC_DYNAMIC_NO_PIC = NO;
				GCC_NO_COMMON_BLOCKS = YES;
				GCC_OPTIMIZATION_LEVEL = 0;
				GCC_PREPROCESSOR_DEFINITIONS = (
					"DEBUG=1",
					"$(inherited)",
				);
				GCC_WARN_64_TO_32_BIT_CONVERSION = YES;
				GCC_WARN_ABOUT_RETURN_TYPE = YES_ERROR;
				GCC_WARN_UNDECLARED_SELECTOR = YES;
				GCC_WARN_UNINITIALIZED_AUTOS = YES_AGGRESSIVE;
				GCC_WARN_UNUSED_FUNCTION = YES;
				GCC_WARN_UNUSED_VARIABLE = YES;
				IPHONEOS_DEPLOYMENT_TARGET = 10.2;
				MTL_ENABLE_DEBUG_INFO = YES;
				ONLY_ACTIVE_ARCH = YES;
				SDKROOT = iphoneos;
				SWIFT_ACTIVE_COMPILATION_CONDITIONS = DEBUG;
				SWIFT_OPTIMIZATION_LEVEL = "-Onone";
				TARGETED_DEVICE_FAMILY = "1,2";
			};
			name = Debug;
		};
		C15BF9C81EA00AF800CE09B6 /* Release */ = {
			isa = XCBuildConfiguration;
			buildSettings = {
				ALWAYS_SEARCH_USER_PATHS = NO;
				CLANG_ANALYZER_NONNULL = YES;
				CLANG_CXX_LANGUAGE_STANDARD = "gnu++0x";
				CLANG_CXX_LIBRARY = "libc++";
				CLANG_ENABLE_MODULES = YES;
				CLANG_ENABLE_OBJC_ARC = YES;
				CLANG_WARN_BOOL_CONVERSION = YES;
				CLANG_WARN_CONSTANT_CONVERSION = YES;
				CLANG_WARN_DIRECT_OBJC_ISA_USAGE = YES_ERROR;
				CLANG_WARN_DOCUMENTATION_COMMENTS = YES;
				CLANG_WARN_EMPTY_BODY = YES;
				CLANG_WARN_ENUM_CONVERSION = YES;
				CLANG_WARN_INFINITE_RECURSION = YES;
				CLANG_WARN_INT_CONVERSION = YES;
				CLANG_WARN_OBJC_ROOT_CLASS = YES_ERROR;
				CLANG_WARN_SUSPICIOUS_MOVE = YES;
				CLANG_WARN_UNREACHABLE_CODE = YES;
				CLANG_WARN__DUPLICATE_METHOD_MATCH = YES;
				"CODE_SIGN_IDENTITY[sdk=iphoneos*]" = "iPhone Developer";
				COPY_PHASE_STRIP = NO;
				DEBUG_INFORMATION_FORMAT = "dwarf-with-dsym";
				ENABLE_NS_ASSERTIONS = NO;
				ENABLE_STRICT_OBJC_MSGSEND = YES;
				GCC_C_LANGUAGE_STANDARD = gnu99;
				GCC_NO_COMMON_BLOCKS = YES;
				GCC_WARN_64_TO_32_BIT_CONVERSION = YES;
				GCC_WARN_ABOUT_RETURN_TYPE = YES_ERROR;
				GCC_WARN_UNDECLARED_SELECTOR = YES;
				GCC_WARN_UNINITIALIZED_AUTOS = YES_AGGRESSIVE;
				GCC_WARN_UNUSED_FUNCTION = YES;
				GCC_WARN_UNUSED_VARIABLE = YES;
				IPHONEOS_DEPLOYMENT_TARGET = 10.2;
				MTL_ENABLE_DEBUG_INFO = NO;
				SDKROOT = iphoneos;
				SWIFT_OPTIMIZATION_LEVEL = "-Owholemodule";
				TARGETED_DEVICE_FAMILY = "1,2";
				VALIDATE_PRODUCT = YES;
			};
			name = Release;
		};
		C15BF9CA1EA00AF800CE09B6 /* Debug */ = {
			isa = XCBuildConfiguration;
			buildSettings = {
				ASSETCATALOG_COMPILER_APPICON_NAME = AppIcon;
				FRAMEWORK_SEARCH_PATHS = (
					"$(inherited)",
					"$(PROJECT_DIR)/Carthage/Build/iOS",
				);
				INFOPLIST_FILE = Sample/Info.plist;
				LD_RUNPATH_SEARCH_PATHS = "$(inherited) @executable_path/Frameworks";
				PRODUCT_BUNDLE_IDENTIFIER = mcmxcix.Sample;
				PRODUCT_NAME = "$(TARGET_NAME)";
				SWIFT_VERSION = 3.0;
			};
			name = Debug;
		};
		C15BF9CB1EA00AF800CE09B6 /* Release */ = {
			isa = XCBuildConfiguration;
			buildSettings = {
				ASSETCATALOG_COMPILER_APPICON_NAME = AppIcon;
				FRAMEWORK_SEARCH_PATHS = (
					"$(inherited)",
					"$(PROJECT_DIR)/Carthage/Build/iOS",
				);
				INFOPLIST_FILE = Sample/Info.plist;
				LD_RUNPATH_SEARCH_PATHS = "$(inherited) @executable_path/Frameworks";
				PRODUCT_BUNDLE_IDENTIFIER = mcmxcix.Sample;
				PRODUCT_NAME = "$(TARGET_NAME)";
				SWIFT_VERSION = 3.0;
			};
			name = Release;
		};
		C15BF9CD1EA00AF800CE09B6 /* Debug */ = {
			isa = XCBuildConfiguration;
			buildSettings = {
				ALWAYS_EMBED_SWIFT_STANDARD_LIBRARIES = YES;
				BUNDLE_LOADER = "$(TEST_HOST)";
				INFOPLIST_FILE = SampleTests/Info.plist;
				LD_RUNPATH_SEARCH_PATHS = "$(inherited) @executable_path/Frameworks @loader_path/Frameworks";
				PRODUCT_BUNDLE_IDENTIFIER = mcmxcix.SampleTests;
				PRODUCT_NAME = "$(TARGET_NAME)";
				SWIFT_VERSION = 3.0;
				TEST_HOST = "$(BUILT_PRODUCTS_DIR)/Sample.app/Sample";
			};
			name = Debug;
		};
		C15BF9CE1EA00AF800CE09B6 /* Release */ = {
			isa = XCBuildConfiguration;
			buildSettings = {
				ALWAYS_EMBED_SWIFT_STANDARD_LIBRARIES = YES;
				BUNDLE_LOADER = "$(TEST_HOST)";
				INFOPLIST_FILE = SampleTests/Info.plist;
				LD_RUNPATH_SEARCH_PATHS = "$(inherited) @executable_path/Frameworks @loader_path/Frameworks";
				PRODUCT_BUNDLE_IDENTIFIER = mcmxcix.SampleTests;
				PRODUCT_NAME = "$(TARGET_NAME)";
				SWIFT_VERSION = 3.0;
				TEST_HOST = "$(BUILT_PRODUCTS_DIR)/Sample.app/Sample";
			};
			name = Release;
		};
/* End XCBuildConfiguration section */

/* Begin XCConfigurationList section */
		C15BF9A71EA00AF800CE09B6 /* Build configuration list for PBXProject "Sample" */ = {
			isa = XCConfigurationList;
			buildConfigurations = (
				C15BF9C71EA00AF800CE09B6 /* Debug */,
				C15BF9C81EA00AF800CE09B6 /* Release */,
			);
			defaultConfigurationIsVisible = 0;
			defaultConfigurationName = Release;
		};
		C15BF9C91EA00AF800CE09B6 /* Build configuration list for PBXNativeTarget "Sample" */ = {
			isa = XCConfigurationList;
			buildConfigurations = (
				C15BF9CA1EA00AF800CE09B6 /* Debug */,
				C15BF9CB1EA00AF800CE09B6 /* Release */,
			);
			defaultConfigurationIsVisible = 0;
			defaultConfigurationName = Release;
		};
		C15BF9CC1EA00AF800CE09B6 /* Build configuration list for PBXNativeTarget "SampleTests" */ = {
			isa = XCConfigurationList;
			buildConfigurations = (
				C15BF9CD1EA00AF800CE09B6 /* Debug */,
				C15BF9CE1EA00AF800CE09B6 /* Release */,
			);
			defaultConfigurationIsVisible = 0;
			defaultConfigurationName = Release;
		};
/* End XCConfigurationList section */
	};
	rootObject = C15BF9A41EA00AF800CE09B6 /* Project object */;
}
